
Microsoft Visual Studio Solution File, Format Version 12.00
# Visual Studio Version 17
VisualStudioVersion = 17.13.35919.96 d17.13
MinimumVisualStudioVersion = 10.0.40219.1
Project("{FAE04EC0-301F-11D3-BF4B-00C04F79EFBC}") = "Exercicio1Herancaepoli", "Exercicio1Herancaepoli\Exercicio1Herancaepoli.csproj", "{B75A1B58-CD44-4D5F-8619-AFBFA7D4F345}"
EndProject
Global
	GlobalSection(SolutionConfigurationPlatforms) = preSolution
		Debug|Any CPU = Debug|Any CPU
		Release|Any CPU = Release|Any CPU
	EndGlobalSection
	GlobalSection(ProjectConfigurationPlatforms) = postSolution
		{B75A1B58-CD44-4D5F-8619-AFBFA7D4F345}.Debug|Any CPU.ActiveCfg = Debug|Any CPU
		{B75A1B58-CD44-4D5F-8619-AFBFA7D4F345}.Debug|Any CPU.Build.0 = Debug|Any CPU
		{B75A1B58-CD44-4D5F-8619-AFBFA7D4F345}.Release|Any CPU.ActiveCfg = Release|Any CPU
		{B75A1B58-CD44-4D5F-8619-AFBFA7D4F345}.Release|Any CPU.Build.0 = Release|Any CPU
	EndGlobalSection
	GlobalSection(SolutionProperties) = preSolution
		HideSolutionNode = FALSE
	EndGlobalSection
	GlobalSection(ExtensibilityGlobals) = postSolution
		SolutionGuid = {7769CCC0-7F55-4328-8A91-7289DB02BBDA}
	EndGlobalSection
EndGlobal
